
Microsoft Visual Studio Solution File, Format Version 12.00
# Visual Studio Version 17
VisualStudioVersion = 17.1.32328.378
MinimumVisualStudioVersion = 10.0.40219.1
Project("{9A19103F-16F7-4668-BE54-9A1E7A4F7556}") = "MyAsp", "MyAsp.csproj", "{3127122B-A8F8-48F4-AC69-2F0902D95EEB}"
	ProjectSection(ProjectDependencies) = postProject
		{9255A322-EFED-4D29-A969-0073A3126491} = {9255A322-EFED-4D29-A969-0073A3126491}
		{78D30B84-9881-4C39-A9E9-9D820DB3D040} = {78D30B84-9881-4C39-A9E9-9D820DB3D040}
	EndProjectSection
EndProject
Project("{9A19103F-16F7-4668-BE54-9A1E7A4F7556}") = "MyAsp.Storage", "MyAsp.Storage\MyAsp.Storage.csproj", "{9255A322-EFED-4D29-A969-0073A3126491}"
EndProject
Project("{9A19103F-16F7-4668-BE54-9A1E7A4F7556}") = "MyAsp.Logic", "MyAsp.Logic\MyAsp.Logic.csproj", "{78D30B84-9881-4C39-A9E9-9D820DB3D040}"
	ProjectSection(ProjectDependencies) = postProject
		{9255A322-EFED-4D29-A969-0073A3126491} = {9255A322-EFED-4D29-A969-0073A3126491}
	EndProjectSection
EndProject
Global
	GlobalSection(SolutionConfigurationPlatforms) = preSolution
		Debug|Any CPU = Debug|Any CPU
		Release|Any CPU = Release|Any CPU
	EndGlobalSection
	GlobalSection(ProjectConfigurationPlatforms) = postSolution
		{3127122B-A8F8-48F4-AC69-2F0902D95EEB}.Debug|Any CPU.ActiveCfg = Debug|Any CPU
		{3127122B-A8F8-48F4-AC69-2F0902D95EEB}.Debug|Any CPU.Build.0 = Debug|Any CPU
		{3127122B-A8F8-48F4-AC69-2F0902D95EEB}.Release|Any CPU.ActiveCfg = Release|Any CPU
		{3127122B-A8F8-48F4-AC69-2F0902D95EEB}.Release|Any CPU.Build.0 = Release|Any CPU
		{9255A322-EFED-4D29-A969-0073A3126491}.Debug|Any CPU.ActiveCfg = Debug|Any CPU
		{9255A322-EFED-4D29-A969-0073A3126491}.Debug|Any CPU.Build.0 = Debug|Any CPU
		{9255A322-EFED-4D29-A969-0073A3126491}.Release|Any CPU.ActiveCfg = Release|Any CPU
		{9255A322-EFED-4D29-A969-0073A3126491}.Release|Any CPU.Build.0 = Release|Any CPU
		{78D30B84-9881-4C39-A9E9-9D820DB3D040}.Debug|Any CPU.ActiveCfg = Debug|Any CPU
		{78D30B84-9881-4C39-A9E9-9D820DB3D040}.Debug|Any CPU.Build.0 = Debug|Any CPU
		{78D30B84-9881-4C39-A9E9-9D820DB3D040}.Release|Any CPU.ActiveCfg = Release|Any CPU
		{78D30B84-9881-4C39-A9E9-9D820DB3D040}.Release|Any CPU.Build.0 = Release|Any CPU
	EndGlobalSection
	GlobalSection(SolutionProperties) = preSolution
		HideSolutionNode = FALSE
	EndGlobalSection
	GlobalSection(ExtensibilityGlobals) = postSolution
		SolutionGuid = {A7AE4F54-ABB4-4373-823A-5E495299B207}
	EndGlobalSection
EndGlobal
